// !$*UTF8*$!
{
	archiveVersion = 1;
	classes = {
	};
	objectVersion = 46;
	objects = {

/* Begin PBXBuildFile section */
		B83BABB31CC3475000AC5AD1 /* AppDelegate.swift in Sources */ = {isa = PBXBuildFile; fileRef = B83BABB21CC3475000AC5AD1 /* AppDelegate.swift */; };
		B83BABB51CC3475000AC5AD1 /* TrackTableViewController.swift in Sources */ = {isa = PBXBuildFile; fileRef = B83BABB41CC3475000AC5AD1 /* TrackTableViewController.swift */; };
		B83BABB81CC3475000AC5AD1 /* Main.storyboard in Resources */ = {isa = PBXBuildFile; fileRef = B83BABB61CC3475000AC5AD1 /* Main.storyboard */; };
		B83BABBA1CC3475000AC5AD1 /* Assets.xcassets in Resources */ = {isa = PBXBuildFile; fileRef = B83BABB91CC3475000AC5AD1 /* Assets.xcassets */; };
		B83BABBD1CC3475000AC5AD1 /* LaunchScreen.storyboard in Resources */ = {isa = PBXBuildFile; fileRef = B83BABBB1CC3475000AC5AD1 /* LaunchScreen.storyboard */; };
		B83BABCB1CC35A7900AC5AD1 /* Utils.swift in Sources */ = {isa = PBXBuildFile; fileRef = B83BABCA1CC35A7900AC5AD1 /* Utils.swift */; };
		B83BABCD1CC35A9900AC5AD1 /* ProgressHUD.swift in Sources */ = {isa = PBXBuildFile; fileRef = B83BABCC1CC35A9900AC5AD1 /* ProgressHUD.swift */; };
		B83BABCF1CC35BE300AC5AD1 /* TrackTableViewCell.swift in Sources */ = {isa = PBXBuildFile; fileRef = B83BABCE1CC35BE300AC5AD1 /* TrackTableViewCell.swift */; };
		B83BABD11CC365A000AC5AD1 /* Track.swift in Sources */ = {isa = PBXBuildFile; fileRef = B83BABD01CC365A000AC5AD1 /* Track.swift */; };
		DEC27C742CE872F61C04875B /* Pods_SwiftPlayer.framework in Frameworks */ = {isa = PBXBuildFile; fileRef = DD1A2CDFD6A4522D3496BBFE /* Pods_SwiftPlayer.framework */; };
/* End PBXBuildFile section */

/* Begin PBXFileReference section */
		02A2C8962D1B7111403E239E /* Pods-SwiftPlayer.debug.xcconfig */ = {isa = PBXFileReference; includeInIndex = 1; lastKnownFileType = text.xcconfig; name = "Pods-SwiftPlayer.debug.xcconfig"; path = "Pods/Target Support Files/Pods-SwiftPlayer/Pods-SwiftPlayer.debug.xcconfig"; sourceTree = "<group>"; };
		B83BABAF1CC3475000AC5AD1 /* SwiftPlayer.app */ = {isa = PBXFileReference; explicitFileType = wrapper.application; includeInIndex = 0; path = SwiftPlayer.app; sourceTree = BUILT_PRODUCTS_DIR; };
		B83BABB21CC3475000AC5AD1 /* AppDelegate.swift */ = {isa = PBXFileReference; lastKnownFileType = sourcecode.swift; path = AppDelegate.swift; sourceTree = "<group>"; };
		B83BABB41CC3475000AC5AD1 /* TrackTableViewController.swift */ = {isa = PBXFileReference; lastKnownFileType = sourcecode.swift; path = TrackTableViewController.swift; sourceTree = "<group>"; };
		B83BABB71CC3475000AC5AD1 /* Base */ = {isa = PBXFileReference; lastKnownFileType = file.storyboard; name = Base; path = Base.lproj/Main.storyboard; sourceTree = "<group>"; };
		B83BABB91CC3475000AC5AD1 /* Assets.xcassets */ = {isa = PBXFileReference; lastKnownFileType = folder.assetcatalog; path = Assets.xcassets; sourceTree = "<group>"; };
		B83BABBC1CC3475000AC5AD1 /* Base */ = {isa = PBXFileReference; lastKnownFileType = file.storyboard; name = Base; path = Base.lproj/LaunchScreen.storyboard; sourceTree = "<group>"; };
		B83BABBE1CC3475000AC5AD1 /* Info.plist */ = {isa = PBXFileReference; lastKnownFileType = text.plist.xml; path = Info.plist; sourceTree = "<group>"; };
		B83BABCA1CC35A7900AC5AD1 /* Utils.swift */ = {isa = PBXFileReference; fileEncoding = 4; lastKnownFileType = sourcecode.swift; path = Utils.swift; sourceTree = "<group>"; };
		B83BABCC1CC35A9900AC5AD1 /* ProgressHUD.swift */ = {isa = PBXFileReference; fileEncoding = 4; lastKnownFileType = sourcecode.swift; path = ProgressHUD.swift; sourceTree = "<group>"; };
		B83BABCE1CC35BE300AC5AD1 /* TrackTableViewCell.swift */ = {isa = PBXFileReference; fileEncoding = 4; lastKnownFileType = sourcecode.swift; path = TrackTableViewCell.swift; sourceTree = "<group>"; };
		B83BABD01CC365A000AC5AD1 /* Track.swift */ = {isa = PBXFileReference; fileEncoding = 4; lastKnownFileType = sourcecode.swift; path = Track.swift; sourceTree = "<group>"; };
		DD1A2CDFD6A4522D3496BBFE /* Pods_SwiftPlayer.framework */ = {isa = PBXFileReference; explicitFileType = wrapper.framework; includeInIndex = 0; path = Pods_SwiftPlayer.framework; sourceTree = BUILT_PRODUCTS_DIR; };
		F8ECB4E000F4EF2F49298826 /* Pods-SwiftPlayer.release.xcconfig */ = {isa = PBXFileReference; includeInIndex = 1; lastKnownFileType = text.xcconfig; name = "Pods-SwiftPlayer.release.xcconfig"; path = "Pods/Target Support Files/Pods-SwiftPlayer/Pods-SwiftPlayer.release.xcconfig"; sourceTree = "<group>"; };
/* End PBXFileReference section */

/* Begin PBXFrameworksBuildPhase section */
		B83BABAC1CC3475000AC5AD1 /* Frameworks */ = {
			isa = PBXFrameworksBuildPhase;
			buildActionMask = 2147483647;
			files = (
				DEC27C742CE872F61C04875B /* Pods_SwiftPlayer.framework in Frameworks */,
			);
			runOnlyForDeploymentPostprocessing = 0;
		};
/* End PBXFrameworksBuildPhase section */

/* Begin PBXGroup section */
		09446EE90C765051E4AC6FA1 /* Frameworks */ = {
			isa = PBXGroup;
			children = (
				DD1A2CDFD6A4522D3496BBFE /* Pods_SwiftPlayer.framework */,
			);
			name = Frameworks;
			sourceTree = "<group>";
		};
		B83BABA61CC3475000AC5AD1 = {
			isa = PBXGroup;
			children = (
				09446EE90C765051E4AC6FA1 /* Frameworks */,
				D5E2270A618722981FA48EFB /* Pods */,
				B83BABB01CC3475000AC5AD1 /* Products */,
				B83BABB11CC3475000AC5AD1 /* SwiftPlayer */,
			);
			sourceTree = "<group>";
		};
		B83BABB01CC3475000AC5AD1 /* Products */ = {
			isa = PBXGroup;
			children = (
				B83BABAF1CC3475000AC5AD1 /* SwiftPlayer.app */,
			);
			name = Products;
			sourceTree = "<group>";
		};
		B83BABB11CC3475000AC5AD1 /* SwiftPlayer */ = {
			isa = PBXGroup;
			children = (
				B83BABC61CC34CBB00AC5AD1 /* Controllers */,
				B83BABC91CC34CCA00AC5AD1 /* Misc */,
				B83BABC71CC34CC000AC5AD1 /* Models */,
				B83BABC51CC34CB400AC5AD1 /* Storyboards */,
				B83BABC81CC34CC400AC5AD1 /* Views */,
				B83BABB21CC3475000AC5AD1 /* AppDelegate.swift */,
				B83BABB91CC3475000AC5AD1 /* Assets.xcassets */,
				B83BABBE1CC3475000AC5AD1 /* Info.plist */,
				B83BABBB1CC3475000AC5AD1 /* LaunchScreen.storyboard */,
			);
			path = SwiftPlayer;
			sourceTree = "<group>";
		};
		B83BABC51CC34CB400AC5AD1 /* Storyboards */ = {
			isa = PBXGroup;
			children = (
				B83BABB61CC3475000AC5AD1 /* Main.storyboard */,
			);
			path = Storyboards;
			sourceTree = "<group>";
		};
		B83BABC61CC34CBB00AC5AD1 /* Controllers */ = {
			isa = PBXGroup;
			children = (
				B83BABB41CC3475000AC5AD1 /* TrackTableViewController.swift */,
			);
			path = Controllers;
			sourceTree = "<group>";
		};
		B83BABC71CC34CC000AC5AD1 /* Models */ = {
			isa = PBXGroup;
			children = (
				B83BABD01CC365A000AC5AD1 /* Track.swift */,
			);
			path = Models;
			sourceTree = "<group>";
		};
		B83BABC81CC34CC400AC5AD1 /* Views */ = {
			isa = PBXGroup;
			children = (
				B83BABCC1CC35A9900AC5AD1 /* ProgressHUD.swift */,
				B83BABCE1CC35BE300AC5AD1 /* TrackTableViewCell.swift */,
			);
			path = Views;
			sourceTree = "<group>";
		};
		B83BABC91CC34CCA00AC5AD1 /* Misc */ = {
			isa = PBXGroup;
			children = (
				B83BABCA1CC35A7900AC5AD1 /* Utils.swift */,
			);
			path = Misc;
			sourceTree = "<group>";
		};
		D5E2270A618722981FA48EFB /* Pods */ = {
			isa = PBXGroup;
			children = (
				02A2C8962D1B7111403E239E /* Pods-SwiftPlayer.debug.xcconfig */,
				F8ECB4E000F4EF2F49298826 /* Pods-SwiftPlayer.release.xcconfig */,
			);
			name = Pods;
			sourceTree = "<group>";
		};
/* End PBXGroup section */

/* Begin PBXNativeTarget section */
		B83BABAE1CC3475000AC5AD1 /* SwiftPlayer */ = {
			isa = PBXNativeTarget;
			buildConfigurationList = B83BABC11CC3475000AC5AD1 /* Build configuration list for PBXNativeTarget "SwiftPlayer" */;
			buildPhases = (
				10A1173B4117ABC253DD569C /* 📦 Check Pods Manifest.lock */,
				B83BABAB1CC3475000AC5AD1 /* Sources */,
				B83BABAC1CC3475000AC5AD1 /* Frameworks */,
				B83BABAD1CC3475000AC5AD1 /* Resources */,
				3764C0A690BFF562258B1E14 /* 📦 Embed Pods Frameworks */,
				C6267FE22E40024DEF8C1FF8 /* 📦 Copy Pods Resources */,
			);
			buildRules = (
			);
			dependencies = (
			);
			name = SwiftPlayer;
			productName = SwiftPlayer;
			productReference = B83BABAF1CC3475000AC5AD1 /* SwiftPlayer.app */;
			productType = "com.apple.product-type.application";
		};
/* End PBXNativeTarget section */

/* Begin PBXProject section */
		B83BABA71CC3475000AC5AD1 /* Project object */ = {
			isa = PBXProject;
			attributes = {
				LastSwiftUpdateCheck = 0720;
				LastUpgradeCheck = 0720;
				ORGANIZATIONNAME = Mindvalley;
				TargetAttributes = {
					B83BABAE1CC3475000AC5AD1 = {
						CreatedOnToolsVersion = 7.2.1;
						DevelopmentTeam = P6WV5584AJ;
					};
				};
			};
			buildConfigurationList = B83BABAA1CC3475000AC5AD1 /* Build configuration list for PBXProject "SwiftPlayer" */;
			compatibilityVersion = "Xcode 3.2";
			developmentRegion = English;
			hasScannedForEncodings = 0;
			knownRegions = (
				en,
				Base,
			);
			mainGroup = B83BABA61CC3475000AC5AD1;
			productRefGroup = B83BABB01CC3475000AC5AD1 /* Products */;
			projectDirPath = "";
			projectRoot = "";
			targets = (
				B83BABAE1CC3475000AC5AD1 /* SwiftPlayer */,
			);
		};
/* End PBXProject section */

/* Begin PBXResourcesBuildPhase section */
		B83BABAD1CC3475000AC5AD1 /* Resources */ = {
			isa = PBXResourcesBuildPhase;
			buildActionMask = 2147483647;
			files = (
				B83BABBD1CC3475000AC5AD1 /* LaunchScreen.storyboard in Resources */,
				B83BABBA1CC3475000AC5AD1 /* Assets.xcassets in Resources */,
				B83BABB81CC3475000AC5AD1 /* Main.storyboard in Resources */,
			);
			runOnlyForDeploymentPostprocessing = 0;
		};
/* End PBXResourcesBuildPhase section */

/* Begin PBXShellScriptBuildPhase section */
		10A1173B4117ABC253DD569C /* 📦 Check Pods Manifest.lock */ = {
			isa = PBXShellScriptBuildPhase;
			buildActionMask = 2147483647;
			files = (
			);
			inputPaths = (
			);
			name = "📦 Check Pods Manifest.lock";
			outputPaths = (
			);
			runOnlyForDeploymentPostprocessing = 0;
			shellPath = /bin/sh;
			shellScript = "diff \"${PODS_ROOT}/../Podfile.lock\" \"${PODS_ROOT}/Manifest.lock\" > /dev/null\nif [[ $? != 0 ]] ; then\n    cat << EOM\nerror: The sandbox is not in sync with the Podfile.lock. Run 'pod install' or update your CocoaPods installation.\nEOM\n    exit 1\nfi\n";
			showEnvVarsInLog = 0;
		};
		3764C0A690BFF562258B1E14 /* 📦 Embed Pods Frameworks */ = {
			isa = PBXShellScriptBuildPhase;
			buildActionMask = 2147483647;
			files = (
			);
			inputPaths = (
			);
			name = "📦 Embed Pods Frameworks";
			outputPaths = (
			);
			runOnlyForDeploymentPostprocessing = 0;
			shellPath = /bin/sh;
			shellScript = "\"${SRCROOT}/Pods/Target Support Files/Pods-SwiftPlayer/Pods-SwiftPlayer-frameworks.sh\"\n";
			showEnvVarsInLog = 0;
		};
		C6267FE22E40024DEF8C1FF8 /* 📦 Copy Pods Resources */ = {
			isa = PBXShellScriptBuildPhase;
			buildActionMask = 2147483647;
			files = (
			);
			inputPaths = (
			);
			name = "📦 Copy Pods Resources";
			outputPaths = (
			);
			runOnlyForDeploymentPostprocessing = 0;
			shellPath = /bin/sh;
			shellScript = "\"${SRCROOT}/Pods/Target Support Files/Pods-SwiftPlayer/Pods-SwiftPlayer-resources.sh\"\n";
			showEnvVarsInLog = 0;
		};
/* End PBXShellScriptBuildPhase section */

/* Begin PBXSourcesBuildPhase section */
		B83BABAB1CC3475000AC5AD1 /* Sources */ = {
			isa = PBXSourcesBuildPhase;
			buildActionMask = 2147483647;
			files = (
				B83BABCF1CC35BE300AC5AD1 /* TrackTableViewCell.swift in Sources */,
				B83BABB51CC3475000AC5AD1 /* TrackTableViewController.swift in Sources */,
				B83BABB31CC3475000AC5AD1 /* AppDelegate.swift in Sources */,
				B83BABCD1CC35A9900AC5AD1 /* ProgressHUD.swift in Sources */,
				B83BABCB1CC35A7900AC5AD1 /* Utils.swift in Sources */,
				B83BABD11CC365A000AC5AD1 /* Track.swift in Sources */,
			);
			runOnlyForDeploymentPostprocessing = 0;
		};
/* End PBXSourcesBuildPhase section */

/* Begin PBXVariantGroup section */
		B83BABB61CC3475000AC5AD1 /* Main.storyboard */ = {
			isa = PBXVariantGroup;
			children = (
				B83BABB71CC3475000AC5AD1 /* Base */,
			);
			name = Main.storyboard;
			path = .;
			sourceTree = "<group>";
		};
		B83BABBB1CC3475000AC5AD1 /* LaunchScreen.storyboard */ = {
			isa = PBXVariantGroup;
			children = (
				B83BABBC1CC3475000AC5AD1 /* Base */,
			);
			name = LaunchScreen.storyboard;
			path = .;
			sourceTree = "<group>";
		};
/* End PBXVariantGroup section */

/* Begin XCBuildConfiguration section */
		B83BABBF1CC3475000AC5AD1 /* Debug */ = {
			isa = XCBuildConfiguration;
			buildSettings = {
				ALWAYS_SEARCH_USER_PATHS = NO;
				CLANG_CXX_LANGUAGE_STANDARD = "gnu++0x";
				CLANG_CXX_LIBRARY = "libc++";
				CLANG_ENABLE_MODULES = YES;
				CLANG_ENABLE_OBJC_ARC = YES;
				CLANG_WARN_BOOL_CONVERSION = YES;
				CLANG_WARN_CONSTANT_CONVERSION = YES;
				CLANG_WARN_DIRECT_OBJC_ISA_USAGE = YES_ERROR;
				CLANG_WARN_EMPTY_BODY = YES;
				CLANG_WARN_ENUM_CONVERSION = YES;
				CLANG_WARN_INT_CONVERSION = YES;
				CLANG_WARN_OBJC_ROOT_CLASS = YES_ERROR;
				CLANG_WARN_UNREACHABLE_CODE = YES;
				CLANG_WARN__DUPLICATE_METHOD_MATCH = YES;
				"CODE_SIGN_IDENTITY[sdk=iphoneos*]" = "iPhone Developer";
				COPY_PHASE_STRIP = NO;
				DEBUG_INFORMATION_FORMAT = dwarf;
				ENABLE_STRICT_OBJC_MSGSEND = YES;
				ENABLE_TESTABILITY = YES;
				GCC_C_LANGUAGE_STANDARD = gnu99;
				GCC_DYNAMIC_NO_PIC = NO;
				GCC_NO_COMMON_BLOCKS = YES;
				GCC_OPTIMIZATION_LEVEL = 0;
				GCC_PREPROCESSOR_DEFINITIONS = (
					"DEBUG=1",
					"$(inherited)",
				);
				GCC_WARN_64_TO_32_BIT_CONVERSION = YES;
				GCC_WARN_ABOUT_RETURN_TYPE = YES_ERROR;
				GCC_WARN_UNDECLARED_SELECTOR = YES;
				GCC_WARN_UNINITIALIZED_AUTOS = YES_AGGRESSIVE;
				GCC_WARN_UNUSED_FUNCTION = YES;
				GCC_WARN_UNUSED_VARIABLE = YES;
				IPHONEOS_DEPLOYMENT_TARGET = 9.2;
				MTL_ENABLE_DEBUG_INFO = YES;
				ONLY_ACTIVE_ARCH = YES;
				SDKROOT = iphoneos;
				SWIFT_OPTIMIZATION_LEVEL = "-Onone";
				TARGETED_DEVICE_FAMILY = "1,2";
			};
			name = Debug;
		};
		B83BABC01CC3475000AC5AD1 /* Release */ = {
			isa = XCBuildConfiguration;
			buildSettings = {
				ALWAYS_SEARCH_USER_PATHS = NO;
				CLANG_CXX_LANGUAGE_STANDARD = "gnu++0x";
				CLANG_CXX_LIBRARY = "libc++";
				CLANG_ENABLE_MODULES = YES;
				CLANG_ENABLE_OBJC_ARC = YES;
				CLANG_WARN_BOOL_CONVERSION = YES;
				CLANG_WARN_CONSTANT_CONVERSION = YES;
				CLANG_WARN_DIRECT_OBJC_ISA_USAGE = YES_ERROR;
				CLANG_WARN_EMPTY_BODY = YES;
				CLANG_WARN_ENUM_CONVERSION = YES;
				CLANG_WARN_INT_CONVERSION = YES;
				CLANG_WARN_OBJC_ROOT_CLASS = YES_ERROR;
				CLANG_WARN_UNREACHABLE_CODE = YES;
				CLANG_WARN__DUPLICATE_METHOD_MATCH = YES;
				"CODE_SIGN_IDENTITY[sdk=iphoneos*]" = "iPhone Developer";
				COPY_PHASE_STRIP = NO;
				DEBUG_INFORMATION_FORMAT = "dwarf-with-dsym";
				ENABLE_NS_ASSERTIONS = NO;
				ENABLE_STRICT_OBJC_MSGSEND = YES;
				GCC_C_LANGUAGE_STANDARD = gnu99;
				GCC_NO_COMMON_BLOCKS = YES;
				GCC_WARN_64_TO_32_BIT_CONVERSION = YES;
				GCC_WARN_ABOUT_RETURN_TYPE = YES_ERROR;
				GCC_WARN_UNDECLARED_SELECTOR = YES;
				GCC_WARN_UNINITIALIZED_AUTOS = YES_AGGRESSIVE;
				GCC_WARN_UNUSED_FUNCTION = YES;
				GCC_WARN_UNUSED_VARIABLE = YES;
				IPHONEOS_DEPLOYMENT_TARGET = 9.2;
				MTL_ENABLE_DEBUG_INFO = NO;
				SDKROOT = iphoneos;
				TARGETED_DEVICE_FAMILY = "1,2";
				VALIDATE_PRODUCT = YES;
			};
			name = Release;
		};
		B83BABC21CC3475000AC5AD1 /* Debug */ = {
			isa = XCBuildConfiguration;
			baseConfigurationReference = 02A2C8962D1B7111403E239E /* Pods-SwiftPlayer.debug.xcconfig */;
			buildSettings = {
				ASSETCATALOG_COMPILER_APPICON_NAME = AppIcon;
				INFOPLIST_FILE = SwiftPlayer/Info.plist;
				LD_RUNPATH_SEARCH_PATHS = "$(inherited) @executable_path/Frameworks";
				PRODUCT_BUNDLE_IDENTIFIER = com.joseph.SwiftPlayer;
				PRODUCT_NAME = "$(TARGET_NAME)";
			};
			name = Debug;
		};
		B83BABC31CC3475000AC5AD1 /* Release */ = {
			isa = XCBuildConfiguration;
			baseConfigurationReference = F8ECB4E000F4EF2F49298826 /* Pods-SwiftPlayer.release.xcconfig */;
			buildSettings = {
				ASSETCATALOG_COMPILER_APPICON_NAME = AppIcon;
				INFOPLIST_FILE = SwiftPlayer/Info.plist;
				LD_RUNPATH_SEARCH_PATHS = "$(inherited) @executable_path/Frameworks";
				PRODUCT_BUNDLE_IDENTIFIER = com.joseph.SwiftPlayer;
				PRODUCT_NAME = "$(TARGET_NAME)";
			};
			name = Release;
		};
/* End XCBuildConfiguration section */

/* Begin XCConfigurationList section */
		B83BABAA1CC3475000AC5AD1 /* Build configuration list for PBXProject "SwiftPlayer" */ = {
			isa = XCConfigurationList;
			buildConfigurations = (
				B83BABBF1CC3475000AC5AD1 /* Debug */,
				B83BABC01CC3475000AC5AD1 /* Release */,
			);
			defaultConfigurationIsVisible = 0;
			defaultConfigurationName = Release;
		};
		B83BABC11CC3475000AC5AD1 /* Build configuration list for PBXNativeTarget "SwiftPlayer" */ = {
			isa = XCConfigurationList;
			buildConfigurations = (
				B83BABC21CC3475000AC5AD1 /* Debug */,
				B83BABC31CC3475000AC5AD1 /* Release */,
			);
			defaultConfigurationIsVisible = 0;
			defaultConfigurationName = Release;
		};
/* End XCConfigurationList section */
	};
	rootObject = B83BABA71CC3475000AC5AD1 /* Project object */;
}
